
COCOAPODS: 0.15.1

PODS: 
- SBJson (3.1.1)
- SocketRocket (0.2.0)
- UIDeviceAddition (1.0)
- ZBarSDK (1.2.2)

SPEC CHECKSUMS: 
  UIDeviceAddition: aace2f602768bb2bece8b9a929b9fe5867f91c3f
  SocketRocket: a0529878e3c4c200196fa3a7e2ac1ef34aa33ffe
  ZBarSDK: df14c7cb5af97d840eb722ff27202b7b6149d377
  SBJson: d917ef596960a977b6c20235a90810bc306a48f0

DEPENDENCIES: 
- SBJson
- SocketRocket
- UIDeviceAddition
- ZBarSDK
